// !$*UTF8*$!
{
	archiveVersion = 1;
	classes = {
	};
	objectVersion = 50;
	objects = {

/* Begin PBXBuildFile section */
		18A7E3AD239F774A00B409F8 /* AppDelegate.swift in Sources */ = {isa = PBXBuildFile; fileRef = 18A7E3AC239F774A00B409F8 /* AppDelegate.swift */; };
		18A7E3AF239F774A00B409F8 /* SceneDelegate.swift in Sources */ = {isa = PBXBuildFile; fileRef = 18A7E3AE239F774A00B409F8 /* SceneDelegate.swift */; };
		18A7E3B2239F774A00B409F8 /* Meetfor.xcdatamodeld in Sources */ = {isa = PBXBuildFile; fileRef = 18A7E3B0239F774A00B409F8 /* Meetfor.xcdatamodeld */; };
		18A7E3B4239F774A00B409F8 /* ContentView.swift in Sources */ = {isa = PBXBuildFile; fileRef = 18A7E3B3239F774A00B409F8 /* ContentView.swift */; };
		18A7E3B6239F779000B409F8 /* Assets.xcassets in Resources */ = {isa = PBXBuildFile; fileRef = 18A7E3B5239F779000B409F8 /* Assets.xcassets */; };
		18A7E3B9239F779000B409F8 /* Preview Assets.xcassets in Resources */ = {isa = PBXBuildFile; fileRef = 18A7E3B8239F779000B409F8 /* Preview Assets.xcassets */; };
		18A7E3BC239F779000B409F8 /* LaunchScreen.storyboard in Resources */ = {isa = PBXBuildFile; fileRef = 18A7E3BA239F779000B409F8 /* LaunchScreen.storyboard */; };
		18A7E3C7239F779500B409F8 /* MeetforTests.swift in Sources */ = {isa = PBXBuildFile; fileRef = 18A7E3C6239F779500B409F8 /* MeetforTests.swift */; };
		18A7E3D2239F779500B409F8 /* MeetforUITests.swift in Sources */ = {isa = PBXBuildFile; fileRef = 18A7E3D1239F779500B409F8 /* MeetforUITests.swift */; };
/* End PBXBuildFile section */

/* Begin PBXContainerItemProxy section */
		18A7E3C3239F779500B409F8 /* PBXContainerItemProxy */ = {
			isa = PBXContainerItemProxy;
			containerPortal = 18A7E3A1239F774900B409F8 /* Project object */;
			proxyType = 1;
			remoteGlobalIDString = 18A7E3A8239F774A00B409F8;
			remoteInfo = Meetfor;
		};
		18A7E3CE239F779500B409F8 /* PBXContainerItemProxy */ = {
			isa = PBXContainerItemProxy;
			containerPortal = 18A7E3A1239F774900B409F8 /* Project object */;
			proxyType = 1;
			remoteGlobalIDString = 18A7E3A8239F774A00B409F8;
			remoteInfo = Meetfor;
		};
/* End PBXContainerItemProxy section */

/* Begin PBXFileReference section */
		18A7E3A9239F774A00B409F8 /* Meetfor.app */ = {isa = PBXFileReference; explicitFileType = wrapper.application; includeInIndex = 0; path = Meetfor.app; sourceTree = BUILT_PRODUCTS_DIR; };
		18A7E3AC239F774A00B409F8 /* AppDelegate.swift */ = {isa = PBXFileReference; lastKnownFileType = sourcecode.swift; path = AppDelegate.swift; sourceTree = "<group>"; };
		18A7E3AE239F774A00B409F8 /* SceneDelegate.swift */ = {isa = PBXFileReference; lastKnownFileType = sourcecode.swift; path = SceneDelegate.swift; sourceTree = "<group>"; };
		18A7E3B1239F774A00B409F8 /* Meetfor.xcdatamodel */ = {isa = PBXFileReference; lastKnownFileType = wrapper.xcdatamodel; path = Meetfor.xcdatamodel; sourceTree = "<group>"; };
		18A7E3B3239F774A00B409F8 /* ContentView.swift */ = {isa = PBXFileReference; lastKnownFileType = sourcecode.swift; path = ContentView.swift; sourceTree = "<group>"; };
		18A7E3B5239F779000B409F8 /* Assets.xcassets */ = {isa = PBXFileReference; lastKnownFileType = folder.assetcatalog; path = Assets.xcassets; sourceTree = "<group>"; };
		18A7E3B8239F779000B409F8 /* Preview Assets.xcassets */ = {isa = PBXFileReference; lastKnownFileType = folder.assetcatalog; path = "Preview Assets.xcassets"; sourceTree = "<group>"; };
		18A7E3BB239F779000B409F8 /* Base */ = {isa = PBXFileReference; lastKnownFileType = file.storyboard; name = Base; path = Base.lproj/LaunchScreen.storyboard; sourceTree = "<group>"; };
		18A7E3BD239F779000B409F8 /* Info.plist */ = {isa = PBXFileReference; lastKnownFileType = text.plist.xml; path = Info.plist; sourceTree = "<group>"; };
		18A7E3C2239F779500B409F8 /* MeetforTests.xctest */ = {isa = PBXFileReference; explicitFileType = wrapper.cfbundle; includeInIndex = 0; path = MeetforTests.xctest; sourceTree = BUILT_PRODUCTS_DIR; };
		18A7E3C6239F779500B409F8 /* MeetforTests.swift */ = {isa = PBXFileReference; lastKnownFileType = sourcecode.swift; path = MeetforTests.swift; sourceTree = "<group>"; };
		18A7E3C8239F779500B409F8 /* Info.plist */ = {isa = PBXFileReference; lastKnownFileType = text.plist.xml; path = Info.plist; sourceTree = "<group>"; };
		18A7E3CD239F779500B409F8 /* MeetforUITests.xctest */ = {isa = PBXFileReference; explicitFileType = wrapper.cfbundle; includeInIndex = 0; path = MeetforUITests.xctest; sourceTree = BUILT_PRODUCTS_DIR; };
		18A7E3D1239F779500B409F8 /* MeetforUITests.swift */ = {isa = PBXFileReference; lastKnownFileType = sourcecode.swift; path = MeetforUITests.swift; sourceTree = "<group>"; };
		18A7E3D3239F779500B409F8 /* Info.plist */ = {isa = PBXFileReference; lastKnownFileType = text.plist.xml; path = Info.plist; sourceTree = "<group>"; };
/* End PBXFileReference section */

/* Begin PBXFrameworksBuildPhase section */
		18A7E3A6239F774A00B409F8 /* Frameworks */ = {
			isa = PBXFrameworksBuildPhase;
			buildActionMask = 2147483647;
			files = (
			);
			runOnlyForDeploymentPostprocessing = 0;
		};
		18A7E3BF239F779500B409F8 /* Frameworks */ = {
			isa = PBXFrameworksBuildPhase;
			buildActionMask = 2147483647;
			files = (
			);
			runOnlyForDeploymentPostprocessing = 0;
		};
		18A7E3CA239F779500B409F8 /* Frameworks */ = {
			isa = PBXFrameworksBuildPhase;
			buildActionMask = 2147483647;
			files = (
			);
			runOnlyForDeploymentPostprocessing = 0;
		};
/* End PBXFrameworksBuildPhase section */

/* Begin PBXGroup section */
		18A7E3A0239F774900B409F8 = {
			isa = PBXGroup;
			children = (
				18A7E3AB239F774A00B409F8 /* Meetfor */,
				18A7E3C5239F779500B409F8 /* MeetforTests */,
				18A7E3D0239F779500B409F8 /* MeetforUITests */,
				18A7E3AA239F774A00B409F8 /* Products */,
			);
			sourceTree = "<group>";
		};
		18A7E3AA239F774A00B409F8 /* Products */ = {
			isa = PBXGroup;
			children = (
				18A7E3A9239F774A00B409F8 /* Meetfor.app */,
				18A7E3C2239F779500B409F8 /* MeetforTests.xctest */,
				18A7E3CD239F779500B409F8 /* MeetforUITests.xctest */,
			);
			name = Products;
			sourceTree = "<group>";
		};
		18A7E3AB239F774A00B409F8 /* Meetfor */ = {
			isa = PBXGroup;
			children = (
				18A7E3AC239F774A00B409F8 /* AppDelegate.swift */,
				18A7E3AE239F774A00B409F8 /* SceneDelegate.swift */,
				18A7E3B3239F774A00B409F8 /* ContentView.swift */,
				18A7E3B5239F779000B409F8 /* Assets.xcassets */,
				18A7E3BA239F779000B409F8 /* LaunchScreen.storyboard */,
				18A7E3BD239F779000B409F8 /* Info.plist */,
				18A7E3B0239F774A00B409F8 /* Meetfor.xcdatamodeld */,
				18A7E3B7239F779000B409F8 /* Preview Content */,
			);
			path = Meetfor;
			sourceTree = "<group>";
		};
		18A7E3B7239F779000B409F8 /* Preview Content */ = {
			isa = PBXGroup;
			children = (
				18A7E3B8239F779000B409F8 /* Preview Assets.xcassets */,
			);
			path = "Preview Content";
			sourceTree = "<group>";
		};
		18A7E3C5239F779500B409F8 /* MeetforTests */ = {
			isa = PBXGroup;
			children = (
				18A7E3C6239F779500B409F8 /* MeetforTests.swift */,
				18A7E3C8239F779500B409F8 /* Info.plist */,
			);
			path = MeetforTests;
			sourceTree = "<group>";
		};
		18A7E3D0239F779500B409F8 /* MeetforUITests */ = {
			isa = PBXGroup;
			children = (
				18A7E3D1239F779500B409F8 /* MeetforUITests.swift */,
				18A7E3D3239F779500B409F8 /* Info.plist */,
			);
			path = MeetforUITests;
			sourceTree = "<group>";
		};
/* End PBXGroup section */

/* Begin PBXNativeTarget section */
		18A7E3A8239F774A00B409F8 /* Meetfor */ = {
			isa = PBXNativeTarget;
			buildConfigurationList = 18A7E3D6239F779500B409F8 /* Build configuration list for PBXNativeTarget "Meetfor" */;
			buildPhases = (
				18A7E3A5239F774A00B409F8 /* Sources */,
				18A7E3A6239F774A00B409F8 /* Frameworks */,
				18A7E3A7239F774A00B409F8 /* Resources */,
			);
			buildRules = (
			);
			dependencies = (
			);
			name = Meetfor;
			productName = Meetfor;
			productReference = 18A7E3A9239F774A00B409F8 /* Meetfor.app */;
			productType = "com.apple.product-type.application";
		};
		18A7E3C1239F779500B409F8 /* MeetforTests */ = {
			isa = PBXNativeTarget;
			buildConfigurationList = 18A7E3D9239F779500B409F8 /* Build configuration list for PBXNativeTarget "MeetforTests" */;
			buildPhases = (
				18A7E3BE239F779500B409F8 /* Sources */,
				18A7E3BF239F779500B409F8 /* Frameworks */,
				18A7E3C0239F779500B409F8 /* Resources */,
			);
			buildRules = (
			);
			dependencies = (
				18A7E3C4239F779500B409F8 /* PBXTargetDependency */,
			);
			name = MeetforTests;
			productName = MeetforTests;
			productReference = 18A7E3C2239F779500B409F8 /* MeetforTests.xctest */;
			productType = "com.apple.product-type.bundle.unit-test";
		};
		18A7E3CC239F779500B409F8 /* MeetforUITests */ = {
			isa = PBXNativeTarget;
			buildConfigurationList = 18A7E3DC239F779500B409F8 /* Build configuration list for PBXNativeTarget "MeetforUITests" */;
			buildPhases = (
				18A7E3C9239F779500B409F8 /* Sources */,
				18A7E3CA239F779500B409F8 /* Frameworks */,
				18A7E3CB239F779500B409F8 /* Resources */,
			);
			buildRules = (
			);
			dependencies = (
				18A7E3CF239F779500B409F8 /* PBXTargetDependency */,
			);
			name = MeetforUITests;
			productName = MeetforUITests;
			productReference = 18A7E3CD239F779500B409F8 /* MeetforUITests.xctest */;
			productType = "com.apple.product-type.bundle.ui-testing";
		};
/* End PBXNativeTarget section */

/* Begin PBXProject section */
		18A7E3A1239F774900B409F8 /* Project object */ = {
			isa = PBXProject;
			attributes = {
				LastSwiftUpdateCheck = 1120;
				LastUpgradeCheck = 1120;
				ORGANIZATIONNAME = apple;
				TargetAttributes = {
					18A7E3A8239F774A00B409F8 = {
						CreatedOnToolsVersion = 11.2.1;
					};
					18A7E3C1239F779500B409F8 = {
						CreatedOnToolsVersion = 11.2.1;
						TestTargetID = 18A7E3A8239F774A00B409F8;
					};
					18A7E3CC239F779500B409F8 = {
						CreatedOnToolsVersion = 11.2.1;
						TestTargetID = 18A7E3A8239F774A00B409F8;
					};
				};
			};
			buildConfigurationList = 18A7E3A4239F774900B409F8 /* Build configuration list for PBXProject "Meetfor" */;
			compatibilityVersion = "Xcode 9.3";
			developmentRegion = en;
			hasScannedForEncodings = 0;
			knownRegions = (
				en,
				Base,
			);
			mainGroup = 18A7E3A0239F774900B409F8;
			productRefGroup = 18A7E3AA239F774A00B409F8 /* Products */;
			projectDirPath = "";
			projectRoot = "";
			targets = (
				18A7E3A8239F774A00B409F8 /* Meetfor */,
				18A7E3C1239F779500B409F8 /* MeetforTests */,
				18A7E3CC239F779500B409F8 /* MeetforUITests */,
			);
		};
/* End PBXProject section */

/* Begin PBXResourcesBuildPhase section */
		18A7E3A7239F774A00B409F8 /* Resources */ = {
			isa = PBXResourcesBuildPhase;
			buildActionMask = 2147483647;
			files = (
				18A7E3BC239F779000B409F8 /* LaunchScreen.storyboard in Resources */,
				18A7E3B9239F779000B409F8 /* Preview Assets.xcassets in Resources */,
				18A7E3B6239F779000B409F8 /* Assets.xcassets in Resources */,
			);
			runOnlyForDeploymentPostprocessing = 0;
		};
		18A7E3C0239F779500B409F8 /* Resources */ = {
			isa = PBXResourcesBuildPhase;
			buildActionMask = 2147483647;
			files = (
			);
			runOnlyForDeploymentPostprocessing = 0;
		};
		18A7E3CB239F779500B409F8 /* Resources */ = {
			isa = PBXResourcesBuildPhase;
			buildActionMask = 2147483647;
			files = (
			);
			runOnlyForDeploymentPostprocessing = 0;
		};
/* End PBXResourcesBuildPhase section */

/* Begin PBXSourcesBuildPhase section */
		18A7E3A5239F774A00B409F8 /* Sources */ = {
			isa = PBXSourcesBuildPhase;
			buildActionMask = 2147483647;
			files = (
				18A7E3B2239F774A00B409F8 /* Meetfor.xcdatamodeld in Sources */,
				18A7E3AD239F774A00B409F8 /* AppDelegate.swift in Sources */,
				18A7E3B4239F774A00B409F8 /* ContentView.swift in Sources */,
				18A7E3AF239F774A00B409F8 /* SceneDelegate.swift in Sources */,
			);
			runOnlyForDeploymentPostprocessing = 0;
		};
		18A7E3BE239F779500B409F8 /* Sources */ = {
			isa = PBXSourcesBuildPhase;
			buildActionMask = 2147483647;
			files = (
				18A7E3C7239F779500B409F8 /* MeetforTests.swift in Sources */,
			);
			runOnlyForDeploymentPostprocessing = 0;
		};
		18A7E3C9239F779500B409F8 /* Sources */ = {
			isa = PBXSourcesBuildPhase;
			buildActionMask = 2147483647;
			files = (
				18A7E3D2239F779500B409F8 /* MeetforUITests.swift in Sources */,
			);
			runOnlyForDeploymentPostprocessing = 0;
		};
/* End PBXSourcesBuildPhase section */

/* Begin PBXTargetDependency section */
		18A7E3C4239F779500B409F8 /* PBXTargetDependency */ = {
			isa = PBXTargetDependency;
			target = 18A7E3A8239F774A00B409F8 /* Meetfor */;
			targetProxy = 18A7E3C3239F779500B409F8 /* PBXContainerItemProxy */;
		};
		18A7E3CF239F779500B409F8 /* PBXTargetDependency */ = {
			isa = PBXTargetDependency;
			target = 18A7E3A8239F774A00B409F8 /* Meetfor */;
			targetProxy = 18A7E3CE239F779500B409F8 /* PBXContainerItemProxy */;
		};
/* End PBXTargetDependency section */

/* Begin PBXVariantGroup section */
		18A7E3BA239F779000B409F8 /* LaunchScreen.storyboard */ = {
			isa = PBXVariantGroup;
			children = (
				18A7E3BB239F779000B409F8 /* Base */,
			);
			name = LaunchScreen.storyboard;
			sourceTree = "<group>";
		};
/* End PBXVariantGroup section */

/* Begin XCBuildConfiguration section */
		18A7E3D4239F779500B409F8 /* Debug */ = {
			isa = XCBuildConfiguration;
			buildSettings = {
				ALWAYS_SEARCH_USER_PATHS = NO;
				CLANG_ANALYZER_NONNULL = YES;
				CLANG_ANALYZER_NUMBER_OBJECT_CONVERSION = YES_AGGRESSIVE;
				CLANG_CXX_LANGUAGE_STANDARD = "gnu++14";
				CLANG_CXX_LIBRARY = "libc++";
				CLANG_ENABLE_MODULES = YES;
				CLANG_ENABLE_OBJC_ARC = YES;
				CLANG_ENABLE_OBJC_WEAK = YES;
				CLANG_WARN_BLOCK_CAPTURE_AUTORELEASING = YES;
				CLANG_WARN_BOOL_CONVERSION = YES;
				CLANG_WARN_COMMA = YES;
				CLANG_WARN_CONSTANT_CONVERSION = YES;
				CLANG_WARN_DEPRECATED_OBJC_IMPLEMENTATIONS = YES;
				CLANG_WARN_DIRECT_OBJC_ISA_USAGE = YES_ERROR;
				CLANG_WARN_DOCUMENTATION_COMMENTS = YES;
				CLANG_WARN_EMPTY_BODY = YES;
				CLANG_WARN_ENUM_CONVERSION = YES;
				CLANG_WARN_INFINITE_RECURSION = YES;
				CLANG_WARN_INT_CONVERSION = YES;
				CLANG_WARN_NON_LITERAL_NULL_CONVERSION = YES;
				CLANG_WARN_OBJC_IMPLICIT_RETAIN_SELF = YES;
				CLANG_WARN_OBJC_LITERAL_CONVERSION = YES;
				CLANG_WARN_OBJC_ROOT_CLASS = YES_ERROR;
				CLANG_WARN_RANGE_LOOP_ANALYSIS = YES;
				CLANG_WARN_STRICT_PROTOTYPES = YES;
				CLANG_WARN_SUSPICIOUS_MOVE = YES;
				CLANG_WARN_UNGUARDED_AVAILABILITY = YES_AGGRESSIVE;
				CLANG_WARN_UNREACHABLE_CODE = YES;
				CLANG_WARN__DUPLICATE_METHOD_MATCH = YES;
				COPY_PHASE_STRIP = NO;
				DEBUG_INFORMATION_FORMAT = dwarf;
				ENABLE_STRICT_OBJC_MSGSEND = YES;
				ENABLE_TESTABILITY = YES;
				GCC_C_LANGUAGE_STANDARD = gnu11;
				GCC_DYNAMIC_NO_PIC = NO;
				GCC_NO_COMMON_BLOCKS = YES;
				GCC_OPTIMIZATION_LEVEL = 0;
				GCC_PREPROCESSOR_DEFINITIONS = (
					"DEBUG=1",
					"$(inherited)",
				);
				GCC_WARN_64_TO_32_BIT_CONVERSION = YES;
				GCC_WARN_ABOUT_RETURN_TYPE = YES_ERROR;
				GCC_WARN_UNDECLARED_SELECTOR = YES;
				GCC_WARN_UNINITIALIZED_AUTOS = YES_AGGRESSIVE;
				GCC_WARN_UNUSED_FUNCTION = YES;
				GCC_WARN_UNUSED_VARIABLE = YES;
				IPHONEOS_DEPLOYMENT_TARGET = 13.2;
				MTL_ENABLE_DEBUG_INFO = INCLUDE_SOURCE;
				MTL_FAST_MATH = YES;
				ONLY_ACTIVE_ARCH = YES;
				SDKROOT = iphoneos;
				SWIFT_ACTIVE_COMPILATION_CONDITIONS = DEBUG;
				SWIFT_OPTIMIZATION_LEVEL = "-Onone";
			};
			name = Debug;
		};
		18A7E3D5239F779500B409F8 /* Release */ = {
			isa = XCBuildConfiguration;
			buildSettings = {
				ALWAYS_SEARCH_USER_PATHS = NO;
				CLANG_ANALYZER_NONNULL = YES;
				CLANG_ANALYZER_NUMBER_OBJECT_CONVERSION = YES_AGGRESSIVE;
				CLANG_CXX_LANGUAGE_STANDARD = "gnu++14";
				CLANG_CXX_LIBRARY = "libc++";
				CLANG_ENABLE_MODULES = YES;
				CLANG_ENABLE_OBJC_ARC = YES;
				CLANG_ENABLE_OBJC_WEAK = YES;
				CLANG_WARN_BLOCK_CAPTURE_AUTORELEASING = YES;
				CLANG_WARN_BOOL_CONVERSION = YES;
				CLANG_WARN_COMMA = YES;
				CLANG_WARN_CONSTANT_CONVERSION = YES;
				CLANG_WARN_DEPRECATED_OBJC_IMPLEMENTATIONS = YES;
				CLANG_WARN_DIRECT_OBJC_ISA_USAGE = YES_ERROR;
				CLANG_WARN_DOCUMENTATION_COMMENTS = YES;
				CLANG_WARN_EMPTY_BODY = YES;
				CLANG_WARN_ENUM_CONVERSION = YES;
				CLANG_WARN_INFINITE_RECURSION = YES;
				CLANG_WARN_INT_CONVERSION = YES;
				CLANG_WARN_NON_LITERAL_NULL_CONVERSION = YES;
				CLANG_WARN_OBJC_IMPLICIT_RETAIN_SELF = YES;
				CLANG_WARN_OBJC_LITERAL_CONVERSION = YES;
				CLANG_WARN_OBJC_ROOT_CLASS = YES_ERROR;
				CLANG_WARN_RANGE_LOOP_ANALYSIS = YES;
				CLANG_WARN_STRICT_PROTOTYPES = YES;
				CLANG_WARN_SUSPICIOUS_MOVE = YES;
				CLANG_WARN_UNGUARDED_AVAILABILITY = YES_AGGRESSIVE;
				CLANG_WARN_UNREACHABLE_CODE = YES;
				CLANG_WARN__DUPLICATE_METHOD_MATCH = YES;
				COPY_PHASE_STRIP = NO;
				DEBUG_INFORMATION_FORMAT = "dwarf-with-dsym";
				ENABLE_NS_ASSERTIONS = NO;
				ENABLE_STRICT_OBJC_MSGSEND = YES;
				GCC_C_LANGUAGE_STANDARD = gnu11;
				GCC_NO_COMMON_BLOCKS = YES;
				GCC_WARN_64_TO_32_BIT_CONVERSION = YES;
				GCC_WARN_ABOUT_RETURN_TYPE = YES_ERROR;
				GCC_WARN_UNDECLARED_SELECTOR = YES;
				GCC_WARN_UNINITIALIZED_AUTOS = YES_AGGRESSIVE;
				GCC_WARN_UNUSED_FUNCTION = YES;
				GCC_WARN_UNUSED_VARIABLE = YES;
				IPHONEOS_DEPLOYMENT_TARGET = 13.2;
				MTL_ENABLE_DEBUG_INFO = NO;
				MTL_FAST_MATH = YES;
				SDKROOT = iphoneos;
				SWIFT_COMPILATION_MODE = wholemodule;
				SWIFT_OPTIMIZATION_LEVEL = "-O";
				VALIDATE_PRODUCT = YES;
			};
			name = Release;
		};
		18A7E3D7239F779500B409F8 /* Debug */ = {
			isa = XCBuildConfiguration;
			buildSettings = {
				ASSETCATALOG_COMPILER_APPICON_NAME = AppIcon;
				CODE_SIGN_STYLE = Automatic;
				DEVELOPMENT_ASSET_PATHS = "\"Meetfor/Preview Content\"";
				ENABLE_PREVIEWS = YES;
				INFOPLIST_FILE = Meetfor/Info.plist;
				LD_RUNPATH_SEARCH_PATHS = (
					"$(inherited)",
					"@executable_path/Frameworks",
				);
				PRODUCT_BUNDLE_IDENTIFIER = com.info.Meetfor;
				PRODUCT_NAME = "$(TARGET_NAME)";
				SWIFT_VERSION = 5.0;
				TARGETED_DEVICE_FAMILY = "1,2";
			};
			name = Debug;
		};
		18A7E3D8239F779500B409F8 /* Release */ = {
			isa = XCBuildConfiguration;
			buildSettings = {
				ASSETCATALOG_COMPILER_APPICON_NAME = AppIcon;
				CODE_SIGN_STYLE = Automatic;
				DEVELOPMENT_ASSET_PATHS = "\"Meetfor/Preview Content\"";
				ENABLE_PREVIEWS = YES;
				INFOPLIST_FILE = Meetfor/Info.plist;
				LD_RUNPATH_SEARCH_PATHS = (
					"$(inherited)",
					"@executable_path/Frameworks",
				);
				PRODUCT_BUNDLE_IDENTIFIER = com.info.Meetfor;
				PRODUCT_NAME = "$(TARGET_NAME)";
				SWIFT_VERSION = 5.0;
				TARGETED_DEVICE_FAMILY = "1,2";
			};
			name = Release;
		};
		18A7E3DA239F779500B409F8 /* Debug */ = {
			isa = XCBuildConfiguration;
			buildSettings = {
				ALWAYS_EMBED_SWIFT_STANDARD_LIBRARIES = YES;
				BUNDLE_LOADER = "$(TEST_HOST)";
				CODE_SIGN_STYLE = Automatic;
				INFOPLIST_FILE = MeetforTests/Info.plist;
				IPHONEOS_DEPLOYMENT_TARGET = 13.2;
				LD_RUNPATH_SEARCH_PATHS = (
					"$(inherited)",
					"@executable_path/Frameworks",
					"@loader_path/Frameworks",
				);
				PRODUCT_BUNDLE_IDENTIFIER = com.info.MeetforTests;
				PRODUCT_NAME = "$(TARGET_NAME)";
				SWIFT_VERSION = 5.0;
				TARGETED_DEVICE_FAMILY = "1,2";
				TEST_HOST = "$(BUILT_PRODUCTS_DIR)/Meetfor.app/Meetfor";
			};
			name = Debug;
		};
		18A7E3DB239F779500B409F8 /* Release */ = {
			isa = XCBuildConfiguration;
			buildSettings = {
				ALWAYS_EMBED_SWIFT_STANDARD_LIBRARIES = YES;
				BUNDLE_LOADER = "$(TEST_HOST)";
				CODE_SIGN_STYLE = Automatic;
				INFOPLIST_FILE = MeetforTests/Info.plist;
				IPHONEOS_DEPLOYMENT_TARGET = 13.2;
				LD_RUNPATH_SEARCH_PATHS = (
					"$(inherited)",
					"@executable_path/Frameworks",
					"@loader_path/Frameworks",
				);
				PRODUCT_BUNDLE_IDENTIFIER = com.info.MeetforTests;
				PRODUCT_NAME = "$(TARGET_NAME)";
				SWIFT_VERSION = 5.0;
				TARGETED_DEVICE_FAMILY = "1,2";
				TEST_HOST = "$(BUILT_PRODUCTS_DIR)/Meetfor.app/Meetfor";
			};
			name = Release;
		};
		18A7E3DD239F779500B409F8 /* Debug */ = {
			isa = XCBuildConfiguration;
			buildSettings = {
				ALWAYS_EMBED_SWIFT_STANDARD_LIBRARIES = YES;
				CODE_SIGN_STYLE = Automatic;
				INFOPLIST_FILE = MeetforUITests/Info.plist;
				LD_RUNPATH_SEARCH_PATHS = (
					"$(inherited)",
					"@executable_path/Frameworks",
					"@loader_path/Frameworks",
				);
				PRODUCT_BUNDLE_IDENTIFIER = com.info.MeetforUITests;
				PRODUCT_NAME = "$(TARGET_NAME)";
				SWIFT_VERSION = 5.0;
				TARGETED_DEVICE_FAMILY = "1,2";
				TEST_TARGET_NAME = Meetfor;
			};
			name = Debug;
		};
		18A7E3DE239F779500B409F8 /* Release */ = {
			isa = XCBuildConfiguration;
			buildSettings = {
				ALWAYS_EMBED_SWIFT_STANDARD_LIBRARIES = YES;
				CODE_SIGN_STYLE = Automatic;
				INFOPLIST_FILE = MeetforUITests/Info.plist;
				LD_RUNPATH_SEARCH_PATHS = (
					"$(inherited)",
					"@executable_path/Frameworks",
					"@loader_path/Frameworks",
				);
				PRODUCT_BUNDLE_IDENTIFIER = com.info.MeetforUITests;
				PRODUCT_NAME = "$(TARGET_NAME)";
				SWIFT_VERSION = 5.0;
				TARGETED_DEVICE_FAMILY = "1,2";
				TEST_TARGET_NAME = Meetfor;
			};
			name = Release;
		};
/* End XCBuildConfiguration section */

/* Begin XCConfigurationList section */
		18A7E3A4239F774900B409F8 /* Build configuration list for PBXProject "Meetfor" */ = {
			isa = XCConfigurationList;
			buildConfigurations = (
				18A7E3D4239F779500B409F8 /* Debug */,
				18A7E3D5239F779500B409F8 /* Release */,
			);
			defaultConfigurationIsVisible = 0;
			defaultConfigurationName = Release;
		};
		18A7E3D6239F779500B409F8 /* Build configuration list for PBXNativeTarget "Meetfor" */ = {
			isa = XCConfigurationList;
			buildConfigurations = (
				18A7E3D7239F779500B409F8 /* Debug */,
				18A7E3D8239F779500B409F8 /* Release */,
			);
			defaultConfigurationIsVisible = 0;
			defaultConfigurationName = Release;
		};
		18A7E3D9239F779500B409F8 /* Build configuration list for PBXNativeTarget "MeetforTests" */ = {
			isa = XCConfigurationList;
			buildConfigurations = (
				18A7E3DA239F779500B409F8 /* Debug */,
				18A7E3DB239F779500B409F8 /* Release */,
			);
			defaultConfigurationIsVisible = 0;
			defaultConfigurationName = Release;
		};
		18A7E3DC239F779500B409F8 /* Build configuration list for PBXNativeTarget "MeetforUITests" */ = {
			isa = XCConfigurationList;
			buildConfigurations = (
				18A7E3DD239F779500B409F8 /* Debug */,
				18A7E3DE239F779500B409F8 /* Release */,
			);
			defaultConfigurationIsVisible = 0;
			defaultConfigurationName = Release;
		};
/* End XCConfigurationList section */

/* Begin XCVersionGroup section */
		18A7E3B0239F774A00B409F8 /* Meetfor.xcdatamodeld */ = {
			isa = XCVersionGroup;
			children = (
				18A7E3B1239F774A00B409F8 /* Meetfor.xcdatamodel */,
			);
			currentVersion = 18A7E3B1239F774A00B409F8 /* Meetfor.xcdatamodel */;
			path = Meetfor.xcdatamodeld;
			sourceTree = "<group>";
			versionGroupType = wrapper.xcdatamodel;
		};
/* End XCVersionGroup section */
	};
	rootObject = 18A7E3A1239F774900B409F8 /* Project object */;
}
